
Microsoft Visual Studio Solution File, Format Version 12.00
Project("{FAE04EC0-301F-11D3-BF4B-00C04F79EFBC}") = "SimpleSearch.Api", "SimpleSearch.Api\SimpleSearch.Api.csproj", "{7E89C6E8-1201-496E-90C1-0C869A03F84C}"
EndProject
Global
	GlobalSection(SolutionConfigurationPlatforms) = preSolution
		Debug|Any CPU = Debug|Any CPU
		Release|Any CPU = Release|Any CPU
	EndGlobalSection
	GlobalSection(ProjectConfigurationPlatforms) = postSolution
		{7E89C6E8-1201-496E-90C1-0C869A03F84C}.Debug|Any CPU.ActiveCfg = Debug|Any CPU
		{7E89C6E8-1201-496E-90C1-0C869A03F84C}.Debug|Any CPU.Build.0 = Debug|Any CPU
		{7E89C6E8-1201-496E-90C1-0C869A03F84C}.Release|Any CPU.ActiveCfg = Release|Any CPU
		{7E89C6E8-1201-496E-90C1-0C869A03F84C}.Release|Any CPU.Build.0 = Release|Any CPU
	EndGlobalSection
EndGlobal
